
Microsoft Visual Studio Solution File, Format Version 12.00
# Visual Studio Version 16
VisualStudioVersion = 16.0.30413.136
MinimumVisualStudioVersion = 10.0.40219.1
Project("{9A19103F-16F7-4668-BE54-9A1E7A4F7556}") = "Dabi_Arguinena_back", "Dabi_Arguinena_back\Dabi_Arguinena_back.csproj", "{34F9E04B-689A-42FB-A66A-A64316D275A6}"
EndProject
Global
	GlobalSection(SolutionConfigurationPlatforms) = preSolution
		Debug|Any CPU = Debug|Any CPU
		Release|Any CPU = Release|Any CPU
	EndGlobalSection
	GlobalSection(ProjectConfigurationPlatforms) = postSolution
		{34F9E04B-689A-42FB-A66A-A64316D275A6}.Debug|Any CPU.ActiveCfg = Debug|Any CPU
		{34F9E04B-689A-42FB-A66A-A64316D275A6}.Debug|Any CPU.Build.0 = Debug|Any CPU
		{34F9E04B-689A-42FB-A66A-A64316D275A6}.Release|Any CPU.ActiveCfg = Release|Any CPU
		{34F9E04B-689A-42FB-A66A-A64316D275A6}.Release|Any CPU.Build.0 = Release|Any CPU
	EndGlobalSection
	GlobalSection(SolutionProperties) = preSolution
		HideSolutionNode = FALSE
	EndGlobalSection
	GlobalSection(ExtensibilityGlobals) = postSolution
		SolutionGuid = {DD47C68E-77EE-4608-B44E-4B0DD9C5A569}
	EndGlobalSection
EndGlobal
